{
  "requires": true,
  "lockfileVersion": 1,
  "dependencies": {
    "bootstrap": {
      "version": "4.3.1",
      "resolved": "https://registry.npmjs.org/bootstrap/-/bootstrap-4.3.1.tgz",
      "integrity": "sha512-rXqOmH1VilAt2DyPzluTi2blhk17bO7ef+zLLPlWvG494pDxcM234pJ8wTc/6R40UWizAIIMgxjvxZg5kmsbag=="
    },
    "mdbootstrap": {
      "version": "4.7.4",
      "resolved": "https://registry.npmjs.org/mdbootstrap/-/mdbootstrap-4.7.4.tgz",
      "integrity": "sha512-LYq6lLhj9n6F2iH/KKYxs7L3mGxy35AWQDsMa9UCZdNxBEjhF5MUaT+kKdIYHZNXxzBODxu0Psfx1nqUWBr2CQ=="
    }
  }
}
